
Microsoft Visual Studio Solution File, Format Version 12.00
# Visual Studio Version 17
VisualStudioVersion = 17.10.35122.118
MinimumVisualStudioVersion = 10.0.40219.1
Project("{FAE04EC0-301F-11D3-BF4B-00C04F79EFBC}") = "Methods.Console", "Methods.Console\Methods.Console.csproj", "{15CF2EA9-012E-4ECA-B7C6-1E4E9654959E}"
EndProject
Project("{FAE04EC0-301F-11D3-BF4B-00C04F79EFBC}") = "Methods.Library", "Methods.Library\Methods.Library.csproj", "{1C7C967C-6031-4E89-B55E-ECC0B253EED7}"
EndProject
Global
	GlobalSection(SolutionConfigurationPlatforms) = preSolution
		Debug|Any CPU = Debug|Any CPU
		Release|Any CPU = Release|Any CPU
	EndGlobalSection
	GlobalSection(ProjectConfigurationPlatforms) = postSolution
		{15CF2EA9-012E-4ECA-B7C6-1E4E9654959E}.Debug|Any CPU.ActiveCfg = Debug|Any CPU
		{15CF2EA9-012E-4ECA-B7C6-1E4E9654959E}.Debug|Any CPU.Build.0 = Debug|Any CPU
		{15CF2EA9-012E-4ECA-B7C6-1E4E9654959E}.Release|Any CPU.ActiveCfg = Release|Any CPU
		{15CF2EA9-012E-4ECA-B7C6-1E4E9654959E}.Release|Any CPU.Build.0 = Release|Any CPU
		{1C7C967C-6031-4E89-B55E-ECC0B253EED7}.Debug|Any CPU.ActiveCfg = Debug|Any CPU
		{1C7C967C-6031-4E89-B55E-ECC0B253EED7}.Debug|Any CPU.Build.0 = Debug|Any CPU
		{1C7C967C-6031-4E89-B55E-ECC0B253EED7}.Release|Any CPU.ActiveCfg = Release|Any CPU
		{1C7C967C-6031-4E89-B55E-ECC0B253EED7}.Release|Any CPU.Build.0 = Release|Any CPU
	EndGlobalSection
	GlobalSection(SolutionProperties) = preSolution
		HideSolutionNode = FALSE
	EndGlobalSection
	GlobalSection(ExtensibilityGlobals) = postSolution
		SolutionGuid = {128B45BB-77D2-4A11-A6D2-DCAFB7DD3E0C}
	EndGlobalSection
EndGlobal
